
Microsoft Visual Studio Solution File, Format Version 12.00
# Visual Studio 15
VisualStudioVersion = 15.0.26730.16
MinimumVisualStudioVersion = 10.0.40219.1
Project("{FAE04EC0-301F-11D3-BF4B-00C04F79EFBC}") = "SlackMessenger", "SlackMessenger\SlackMessenger.csproj", "{0CF73D6F-5F0B-44C7-974A-ED5883FA7FE1}"
EndProject
Project("{FAE04EC0-301F-11D3-BF4B-00C04F79EFBC}") = "SlackMessengerConsole", "SlackMessengerConsole\SlackMessengerConsole.csproj", "{C5C6EB95-10F6-471A-BB81-028C07DB258D}"
EndProject
Global
	GlobalSection(SolutionConfigurationPlatforms) = preSolution
		Debug|Any CPU = Debug|Any CPU
		Release|Any CPU = Release|Any CPU
	EndGlobalSection
	GlobalSection(ProjectConfigurationPlatforms) = postSolution
		{0CF73D6F-5F0B-44C7-974A-ED5883FA7FE1}.Debug|Any CPU.ActiveCfg = Debug|Any CPU
		{0CF73D6F-5F0B-44C7-974A-ED5883FA7FE1}.Debug|Any CPU.Build.0 = Debug|Any CPU
		{0CF73D6F-5F0B-44C7-974A-ED5883FA7FE1}.Release|Any CPU.ActiveCfg = Release|Any CPU
		{0CF73D6F-5F0B-44C7-974A-ED5883FA7FE1}.Release|Any CPU.Build.0 = Release|Any CPU
		{C5C6EB95-10F6-471A-BB81-028C07DB258D}.Debug|Any CPU.ActiveCfg = Debug|Any CPU
		{C5C6EB95-10F6-471A-BB81-028C07DB258D}.Debug|Any CPU.Build.0 = Debug|Any CPU
		{C5C6EB95-10F6-471A-BB81-028C07DB258D}.Release|Any CPU.ActiveCfg = Release|Any CPU
		{C5C6EB95-10F6-471A-BB81-028C07DB258D}.Release|Any CPU.Build.0 = Release|Any CPU
	EndGlobalSection
	GlobalSection(SolutionProperties) = preSolution
		HideSolutionNode = FALSE
	EndGlobalSection
	GlobalSection(ExtensibilityGlobals) = postSolution
		SolutionGuid = {B6E89D43-9FAA-46DA-9F0E-63B455176335}
	EndGlobalSection
EndGlobal
